
Microsoft Visual Studio Solution File, Format Version 12.00
# Visual Studio Version 17
VisualStudioVersion = 17.10.35013.160
MinimumVisualStudioVersion = 10.0.40219.1
Project("{FAE04EC0-301F-11D3-BF4B-00C04F79EFBC}") = "TDE Banco Dados II", "TDE Banco Dados II\TDE Banco Dados II.csproj", "{F8B759FB-2092-4E73-A314-DADAF84F8BC9}"
EndProject
Global
	GlobalSection(SolutionConfigurationPlatforms) = preSolution
		Debug|Any CPU = Debug|Any CPU
		Release|Any CPU = Release|Any CPU
	EndGlobalSection
	GlobalSection(ProjectConfigurationPlatforms) = postSolution
		{F8B759FB-2092-4E73-A314-DADAF84F8BC9}.Debug|Any CPU.ActiveCfg = Debug|Any CPU
		{F8B759FB-2092-4E73-A314-DADAF84F8BC9}.Debug|Any CPU.Build.0 = Debug|Any CPU
		{F8B759FB-2092-4E73-A314-DADAF84F8BC9}.Release|Any CPU.ActiveCfg = Release|Any CPU
		{F8B759FB-2092-4E73-A314-DADAF84F8BC9}.Release|Any CPU.Build.0 = Release|Any CPU
	EndGlobalSection
	GlobalSection(SolutionProperties) = preSolution
		HideSolutionNode = FALSE
	EndGlobalSection
	GlobalSection(ExtensibilityGlobals) = postSolution
		SolutionGuid = {89109190-76A9-466F-AE83-CE192D97936F}
	EndGlobalSection
EndGlobal
